# This file is automatically @generated by Cargo.
# It is not intended for manual editing.
version = 3

[[package]]
name = "arrayref"
version = "0.3.9"
source = "registry+https://github.com/rust-lang/crates.io-index"
checksum = "76a2e8124351fda1ef8aaaa3bbd7ebbcb486bbcd4225aca0aa0d84bb2db8fecb"

[[package]]
name = "autocfg"
version = "1.3.0"
source = "registry+https://github.com/rust-lang/crates.io-index"
checksum = "0c4b4d0bd25bd0b74681c0ad21497610ce1b7c91b1022cd21c80c6fbdd9476b0"

[[package]]
name = "block-buffer"
version = "0.7.3"
source = "registry+https://github.com/rust-lang/crates.io-index"
checksum = "c0940dc441f31689269e10ac70eb1002a3a1d3ad1390e030043662eb7fe4688b"
dependencies = [
 "block-padding",
 "byte-tools",
 "byteorder",
 "generic-array",
]

[[package]]
name = "block-padding"
version = "0.1.5"
source = "registry+https://github.com/rust-lang/crates.io-index"
checksum = "fa79dedbb091f449f1f39e53edf88d5dbe95f895dae6135a8d7b881fb5af73f5"
dependencies = [
 "byte-tools",
]

[[package]]
name = "byte-tools"
version = "0.3.1"
source = "registry+https://github.com/rust-lang/crates.io-index"
checksum = "e3b5ca7a04898ad4bcd41c90c5285445ff5b791899bb1b0abdd2a2aa791211d7"

[[package]]
name = "byteorder"
version = "1.5.0"
source = "registry+https://github.com/rust-lang/crates.io-index"
checksum = "1fd0f2584146f6f2ef48085050886acf353beff7305ebd1ae69500e27c67f64b"

[[package]]
name = "cfg-if"
version = "1.0.0"
source = "registry+https://github.com/rust-lang/crates.io-index"
checksum = "baf1de4339761588bc0619e3cbc0120ee582ebb74b53b4efbf79117bd2da40fd"

[[package]]
name = "digest"
version = "0.8.1"
source = "registry+https://github.com/rust-lang/crates.io-index"
checksum = "f3d0c8c8752312f9713efd397ff63acb9f85585afbf179282e720e7704954dd5"
dependencies = [
 "generic-array",
]

[[package]]
name = "either"
version = "1.13.0"
source = "registry+https://github.com/rust-lang/crates.io-index"
checksum = "60b1af1c220855b6ceac025d3f6ecdd2b7c4894bfe9cd9bda4fbb4bc7c0d4cf0"

[[package]]
name = "fake-simd"
version = "0.1.2"
source = "registry+https://github.com/rust-lang/crates.io-index"
checksum = "e88a8acf291dafb59c2d96e8f59828f3838bb1a70398823ade51a84de6a6deed"

[[package]]
name = "generic-array"
version = "0.12.4"
source = "registry+https://github.com/rust-lang/crates.io-index"
checksum = "ffdf9f34f1447443d37393cc6c2b8313aebddcd96906caf34e54c68d8e57d7bd"
dependencies = [
 "typenum",
]

[[package]]
name = "getrandom"
version = "0.2.15"
source = "registry+https://github.com/rust-lang/crates.io-index"
checksum = "c4567c8db10ae91089c99af84c68c38da3ec2f087c3f82960bcdbf3656b6f4d7"
dependencies = [
 "cfg-if",
 "libc",
 "wasi",
]

[[package]]
name = "imp"
version = "0.1.0"
source = "registry+https://github.com/rust-lang/crates.io-index"
checksum = "015f618e11715d4c739509a030fdac9278f2b036a74ca008889e95a9e186cc0e"
dependencies = [
 "arrayref",
 "sha2",
]

[[package]]
name = "itertools"
version = "0.10.5"
source = "registry+https://github.com/rust-lang/crates.io-index"
checksum = "b0fd2260e829bddf4cb6ea802289de2f86d6a7a690192fbe91b3f46e0f2c8473"
dependencies = [
 "either",
]

[[package]]
name = "libc"
version = "0.2.158"
source = "registry+https://github.com/rust-lang/crates.io-index"
checksum = "d8adc4bb1803a324070e64a98ae98f38934d91957a99cfb3a43dcbc01bc56439"

[[package]]
name = "num"
version = "0.4.3"
source = "registry+https://github.com/rust-lang/crates.io-index"
checksum = "35bd024e8b2ff75562e5f34e7f4905839deb4b22955ef5e73d2fea1b9813cb23"
dependencies = [
 "num-bigint",
 "num-complex",
 "num-integer",
 "num-iter",
 "num-rational",
 "num-traits",
]

[[package]]
name = "num-bigint"
version = "0.4.6"
source = "registry+https://github.com/rust-lang/crates.io-index"
checksum = "a5e44f723f1133c9deac646763579fdb3ac745e418f2a7af9cd0c431da1f20b9"
dependencies = [
 "num-integer",
 "num-traits",
]

[[package]]
name = "num-complex"
version = "0.4.6"
source = "registry+https://github.com/rust-lang/crates.io-index"
checksum = "73f88a1307638156682bada9d7604135552957b7818057dcef22705b4d509495"
dependencies = [
 "num-traits",
]

[[package]]
name = "num-integer"
version = "0.1.46"
source = "registry+https://github.com/rust-lang/crates.io-index"
checksum = "7969661fd2958a5cb096e56c8e1ad0444ac2bbcd0061bd28660485a44879858f"
dependencies = [
 "num-traits",
]

[[package]]
name = "num-iter"
version = "0.1.45"
source = "registry+https://github.com/rust-lang/crates.io-index"
checksum = "1429034a0490724d0075ebb2bc9e875d6503c3cf69e235a8941aa757d83ef5bf"
dependencies = [
 "autocfg",
 "num-integer",
 "num-traits",
]

[[package]]
name = "num-rational"
version = "0.4.2"
source = "registry+https://github.com/rust-lang/crates.io-index"
checksum = "f83d14da390562dca69fc84082e73e548e1ad308d24accdedd2720017cb37824"
dependencies = [
 "num-bigint",
 "num-integer",
 "num-traits",
]

[[package]]
name = "num-traits"
version = "0.2.19"
source = "registry+https://github.com/rust-lang/crates.io-index"
checksum = "071dfc062690e90b734c0b2273ce72ad0ffa95f0c74596bc250dcfd960262841"
dependencies = [
 "autocfg",
]

[[package]]
name = "opaque-debug"
version = "0.2.3"
source = "registry+https://github.com/rust-lang/crates.io-index"
checksum = "2839e79665f131bdb5782e51f2c6c9599c133c6098982a54c794358bf432529c"

[[package]]
name = "ppv-lite86"
version = "0.2.20"
source = "registry+https://github.com/rust-lang/crates.io-index"
checksum = "77957b295656769bb8ad2b6a6b09d897d94f05c41b069aede1fcdaa675eaea04"
dependencies = [
 "zerocopy",
]

[[package]]
name = "prime_factorization"
version = "1.0.4"
source = "registry+https://github.com/rust-lang/crates.io-index"
checksum = "61b43cd4d5e49fa3c769f72033129f07eeaa102c3db2aa11be0c7f1a0cb50f0c"
dependencies = [
 "itertools",
 "num",
 "rand",
]

[[package]]
name = "proc-macro2"
version = "1.0.86"
source = "registry+https://github.com/rust-lang/crates.io-index"
checksum = "5e719e8df665df0d1c8fbfd238015744736151d4445ec0836b8e628aae103b77"
dependencies = [
 "unicode-ident",
]

[[package]]
name = "proj_phase1"
version = "0.1.0"
dependencies = [
 "imp",
 "prime_factorization",
 "rand",
]

[[package]]
name = "quote"
version = "1.0.37"
source = "registry+https://github.com/rust-lang/crates.io-index"
checksum = "b5b9d34b8991d19d98081b46eacdd8eb58c6f2b201139f7c5f643cc155a633af"
dependencies = [
 "proc-macro2",
]

[[package]]
name = "rand"
version = "0.8.5"
source = "registry+https://github.com/rust-lang/crates.io-index"
checksum = "34af8d1a0e25924bc5b7c43c079c942339d8f0a8b57c39049bef581b46327404"
dependencies = [
 "libc",
 "rand_chacha",
 "rand_core",
]

[[package]]
name = "rand_chacha"
version = "0.3.1"
source = "registry+https://github.com/rust-lang/crates.io-index"
checksum = "e6c10a63a0fa32252be49d21e7709d4d4baf8d231c2dbce1eaa8141b9b127d88"
dependencies = [
 "ppv-lite86",
 "rand_core",
]

[[package]]
name = "rand_core"
version = "0.6.4"
source = "registry+https://github.com/rust-lang/crates.io-index"
checksum = "ec0be4795e2f6a28069bec0b5ff3e2ac9bafc99e6a9a7dc3547996c5c816922c"
dependencies = [
 "getrandom",
]

[[package]]
name = "sha2"
version = "0.8.2"
source = "registry+https://github.com/rust-lang/crates.io-index"
checksum = "a256f46ea78a0c0d9ff00077504903ac881a1dafdc20da66545699e7776b3e69"
dependencies = [
 "block-buffer",
 "digest",
 "fake-simd",
 "opaque-debug",
]

[[package]]
name = "syn"
version = "2.0.77"
source = "registry+https://github.com/rust-lang/crates.io-index"
checksum = "9f35bcdf61fd8e7be6caf75f429fdca8beb3ed76584befb503b1569faee373ed"
dependencies = [
 "proc-macro2",
 "quote",
 "unicode-ident",
]

[[package]]
name = "typenum"
version = "1.17.0"
source = "registry+https://github.com/rust-lang/crates.io-index"
checksum = "42ff0bf0c66b8238c6f3b578df37d0b7848e55df8577b3f74f92a69acceeb825"

[[package]]
name = "unicode-ident"
version = "1.0.13"
source = "registry+https://github.com/rust-lang/crates.io-index"
checksum = "e91b56cd4cadaeb79bbf1a5645f6b4f8dc5bde8834ad5894a8db35fda9efa1fe"

[[package]]
name = "wasi"
version = "0.11.0+wasi-snapshot-preview1"
source = "registry+https://github.com/rust-lang/crates.io-index"
checksum = "9c8d87e72b64a3b4db28d11ce29237c246188f4f51057d65a7eab63b7987e423"

[[package]]
name = "zerocopy"
version = "0.7.35"
source = "registry+https://github.com/rust-lang/crates.io-index"
checksum = "1b9b4fd18abc82b8136838da5d50bae7bdea537c574d8dc1a34ed098d6c166f0"
dependencies = [
 "byteorder",
 "zerocopy-derive",
]

[[package]]
name = "zerocopy-derive"
version = "0.7.35"
source = "registry+https://github.com/rust-lang/crates.io-index"
checksum = "fa4f8080344d4671fb4e831a13ad1e68092748387dfc4f55e356242fae12ce3e"
dependencies = [
 "proc-macro2",
 "quote",
 "syn",
]
